# This file is autogenerated, do not edit; changes may be undone by the next 'dep ensure'.


[[projects]]
  branch = "master"
  name = "github.com/cloudogu/spinners"
  packages = ["."]
  revision = "fde1c5f2c5ee9f00679089326dc55d49410d38a5"

[[projects]]
  name = "github.com/codegangsta/inject"
  packages = ["."]
  revision = "37d7f8432a3e684eef9b2edece76bdfa6ac85b39"
  version = "v1.0-rc1"

[[projects]]
  name = "github.com/codeskyblue/go-sh"
  packages = ["."]
  revision = "b097669b1569203c3ce05a6b8717d43140fdb3d5"
  version = "0.2"

[solve-meta]
  analyzer-name = "dep"
  analyzer-version = 1
  inputs-digest = "91bc68ac53072dda321295c5671df7cfd1a99ed81ddc0570fbe6b3965a6af8c8"
  solver-name = "gps-cdcl"
  solver-version = 1
